// !$*UTF8*$!
{
	archiveVersion = 1;
	classes = {
	};
	objectVersion = 51;
	objects = {

/* Begin PBXBuildFile section */
		043087C2245655F9006C88BC /* ItemViewController.swift in Sources */ = {isa = PBXBuildFile; fileRef = 043087C1245655F9006C88BC /* ItemViewController.swift */; };
		0476D0ED2447E628004200DF /* ContainerViewController.swift in Sources */ = {isa = PBXBuildFile; fileRef = 0476D0EC2447E628004200DF /* ContainerViewController.swift */; };
		04A38E97243FF6A200AEBCBD /* CustomTableViewCell.swift in Sources */ = {isa = PBXBuildFile; fileRef = 04A38E96243FF6A200AEBCBD /* CustomTableViewCell.swift */; };
		04B47B722435749E0016AF27 /* AppDelegate.swift in Sources */ = {isa = PBXBuildFile; fileRef = 04B47B712435749E0016AF27 /* AppDelegate.swift */; };
		04B47B742435749E0016AF27 /* SceneDelegate.swift in Sources */ = {isa = PBXBuildFile; fileRef = 04B47B732435749E0016AF27 /* SceneDelegate.swift */; };
		04B47B792435749E0016AF27 /* Main.storyboard in Resources */ = {isa = PBXBuildFile; fileRef = 04B47B772435749E0016AF27 /* Main.storyboard */; };
		04B47B7B2435749F0016AF27 /* Assets.xcassets in Resources */ = {isa = PBXBuildFile; fileRef = 04B47B7A2435749F0016AF27 /* Assets.xcassets */; };
		04B47B7E2435749F0016AF27 /* LaunchScreen.storyboard in Resources */ = {isa = PBXBuildFile; fileRef = 04B47B7C2435749F0016AF27 /* LaunchScreen.storyboard */; };
		04B47B892435749F0016AF27 /* BooksTests.swift in Sources */ = {isa = PBXBuildFile; fileRef = 04B47B882435749F0016AF27 /* BooksTests.swift */; };
		04B47B942435749F0016AF27 /* BooksUITests.swift in Sources */ = {isa = PBXBuildFile; fileRef = 04B47B932435749F0016AF27 /* BooksUITests.swift */; };
		04B47BA824357A560016AF27 /* Book.swift in Sources */ = {isa = PBXBuildFile; fileRef = 04B47BA724357A560016AF27 /* Book.swift */; };
		04FB9FBD243875E90049FD93 /* ViewController.swift in Sources */ = {isa = PBXBuildFile; fileRef = 04FB9FBC243875E90049FD93 /* ViewController.swift */; };
		328B61ACF632467D841A5182 /* Pods_Books.framework in Frameworks */ = {isa = PBXBuildFile; fileRef = 93D41FD8AA45E41991D6FF71 /* Pods_Books.framework */; };
/* End PBXBuildFile section */

/* Begin PBXContainerItemProxy section */
		04B47B852435749F0016AF27 /* PBXContainerItemProxy */ = {
			isa = PBXContainerItemProxy;
			containerPortal = 04B47B662435749E0016AF27 /* Project object */;
			proxyType = 1;
			remoteGlobalIDString = 04B47B6D2435749E0016AF27;
			remoteInfo = Books;
		};
		04B47B902435749F0016AF27 /* PBXContainerItemProxy */ = {
			isa = PBXContainerItemProxy;
			containerPortal = 04B47B662435749E0016AF27 /* Project object */;
			proxyType = 1;
			remoteGlobalIDString = 04B47B6D2435749E0016AF27;
			remoteInfo = Books;
		};
/* End PBXContainerItemProxy section */

/* Begin PBXFileReference section */
		043087C1245655F9006C88BC /* ItemViewController.swift */ = {isa = PBXFileReference; lastKnownFileType = sourcecode.swift; path = ItemViewController.swift; sourceTree = "<group>"; };
		0476D0EC2447E628004200DF /* ContainerViewController.swift */ = {isa = PBXFileReference; lastKnownFileType = sourcecode.swift; path = ContainerViewController.swift; sourceTree = "<group>"; };
		04A38E96243FF6A200AEBCBD /* CustomTableViewCell.swift */ = {isa = PBXFileReference; lastKnownFileType = sourcecode.swift; path = CustomTableViewCell.swift; sourceTree = "<group>"; };
		04B47B6E2435749E0016AF27 /* Books.app */ = {isa = PBXFileReference; explicitFileType = wrapper.application; includeInIndex = 0; path = Books.app; sourceTree = BUILT_PRODUCTS_DIR; };
		04B47B712435749E0016AF27 /* AppDelegate.swift */ = {isa = PBXFileReference; lastKnownFileType = sourcecode.swift; path = AppDelegate.swift; sourceTree = "<group>"; };
		04B47B732435749E0016AF27 /* SceneDelegate.swift */ = {isa = PBXFileReference; lastKnownFileType = sourcecode.swift; path = SceneDelegate.swift; sourceTree = "<group>"; };
		04B47B782435749E0016AF27 /* Base */ = {isa = PBXFileReference; lastKnownFileType = file.storyboard; name = Base; path = Base.lproj/Main.storyboard; sourceTree = "<group>"; };
		04B47B7A2435749F0016AF27 /* Assets.xcassets */ = {isa = PBXFileReference; lastKnownFileType = folder.assetcatalog; path = Assets.xcassets; sourceTree = "<group>"; };
		04B47B7D2435749F0016AF27 /* Base */ = {isa = PBXFileReference; lastKnownFileType = file.storyboard; name = Base; path = Base.lproj/LaunchScreen.storyboard; sourceTree = "<group>"; };
		04B47B7F2435749F0016AF27 /* Info.plist */ = {isa = PBXFileReference; lastKnownFileType = text.plist.xml; path = Info.plist; sourceTree = "<group>"; };
		04B47B842435749F0016AF27 /* BooksTests.xctest */ = {isa = PBXFileReference; explicitFileType = wrapper.cfbundle; includeInIndex = 0; path = BooksTests.xctest; sourceTree = BUILT_PRODUCTS_DIR; };
		04B47B882435749F0016AF27 /* BooksTests.swift */ = {isa = PBXFileReference; lastKnownFileType = sourcecode.swift; path = BooksTests.swift; sourceTree = "<group>"; };
		04B47B8A2435749F0016AF27 /* Info.plist */ = {isa = PBXFileReference; lastKnownFileType = text.plist.xml; path = Info.plist; sourceTree = "<group>"; };
		04B47B8F2435749F0016AF27 /* BooksUITests.xctest */ = {isa = PBXFileReference; explicitFileType = wrapper.cfbundle; includeInIndex = 0; path = BooksUITests.xctest; sourceTree = BUILT_PRODUCTS_DIR; };
		04B47B932435749F0016AF27 /* BooksUITests.swift */ = {isa = PBXFileReference; lastKnownFileType = sourcecode.swift; path = BooksUITests.swift; sourceTree = "<group>"; };
		04B47B952435749F0016AF27 /* Info.plist */ = {isa = PBXFileReference; lastKnownFileType = text.plist.xml; path = Info.plist; sourceTree = "<group>"; };
		04B47BA724357A560016AF27 /* Book.swift */ = {isa = PBXFileReference; lastKnownFileType = sourcecode.swift; path = Book.swift; sourceTree = "<group>"; };
		04FB9FBC243875E90049FD93 /* ViewController.swift */ = {isa = PBXFileReference; lastKnownFileType = sourcecode.swift; path = ViewController.swift; sourceTree = SOURCE_ROOT; };
		1D5EAE31E7F2842CBDF02DA8 /* Pods-Books.release.xcconfig */ = {isa = PBXFileReference; includeInIndex = 1; lastKnownFileType = text.xcconfig; name = "Pods-Books.release.xcconfig"; path = "Target Support Files/Pods-Books/Pods-Books.release.xcconfig"; sourceTree = "<group>"; };
		93D41FD8AA45E41991D6FF71 /* Pods_Books.framework */ = {isa = PBXFileReference; explicitFileType = wrapper.framework; includeInIndex = 0; path = Pods_Books.framework; sourceTree = BUILT_PRODUCTS_DIR; };
		F2B38E2E77C278FC4018A88A /* Pods-Books.debug.xcconfig */ = {isa = PBXFileReference; includeInIndex = 1; lastKnownFileType = text.xcconfig; name = "Pods-Books.debug.xcconfig"; path = "Target Support Files/Pods-Books/Pods-Books.debug.xcconfig"; sourceTree = "<group>"; };
/* End PBXFileReference section */

/* Begin PBXFrameworksBuildPhase section */
		04B47B6B2435749E0016AF27 /* Frameworks */ = {
			isa = PBXFrameworksBuildPhase;
			buildActionMask = 2147483647;
			files = (
				328B61ACF632467D841A5182 /* Pods_Books.framework in Frameworks */,
			);
			runOnlyForDeploymentPostprocessing = 0;
		};
		04B47B812435749F0016AF27 /* Frameworks */ = {
			isa = PBXFrameworksBuildPhase;
			buildActionMask = 2147483647;
			files = (
			);
			runOnlyForDeploymentPostprocessing = 0;
		};
		04B47B8C2435749F0016AF27 /* Frameworks */ = {
			isa = PBXFrameworksBuildPhase;
			buildActionMask = 2147483647;
			files = (
			);
			runOnlyForDeploymentPostprocessing = 0;
		};
/* End PBXFrameworksBuildPhase section */

/* Begin PBXGroup section */
		04B47B652435749E0016AF27 = {
			isa = PBXGroup;
			children = (
				04B47B702435749E0016AF27 /* Books */,
				04B47B872435749F0016AF27 /* BooksTests */,
				04B47B922435749F0016AF27 /* BooksUITests */,
				04B47B6F2435749E0016AF27 /* Products */,
				BEEA6F80CF30A22D3A8060CA /* Pods */,
				CD18609800DB0DAD54306DAF /* Frameworks */,
			);
			sourceTree = "<group>";
		};
		04B47B6F2435749E0016AF27 /* Products */ = {
			isa = PBXGroup;
			children = (
				04B47B6E2435749E0016AF27 /* Books.app */,
				04B47B842435749F0016AF27 /* BooksTests.xctest */,
				04B47B8F2435749F0016AF27 /* BooksUITests.xctest */,
			);
			name = Products;
			sourceTree = "<group>";
		};
		04B47B702435749E0016AF27 /* Books */ = {
			isa = PBXGroup;
			children = (
				04B47B712435749E0016AF27 /* AppDelegate.swift */,
				04B47B732435749E0016AF27 /* SceneDelegate.swift */,
				04B47BA924357A5C0016AF27 /* Model */,
				04B47BA2243575FF0016AF27 /* View */,
				04B47BA1243575F90016AF27 /* Controller */,
				04B47B7A2435749F0016AF27 /* Assets.xcassets */,
				04B47B7C2435749F0016AF27 /* LaunchScreen.storyboard */,
				04B47B7F2435749F0016AF27 /* Info.plist */,
			);
			path = Books;
			sourceTree = "<group>";
		};
		04B47B872435749F0016AF27 /* BooksTests */ = {
			isa = PBXGroup;
			children = (
				04B47B882435749F0016AF27 /* BooksTests.swift */,
				04B47B8A2435749F0016AF27 /* Info.plist */,
			);
			path = BooksTests;
			sourceTree = "<group>";
		};
		04B47B922435749F0016AF27 /* BooksUITests */ = {
			isa = PBXGroup;
			children = (
				04B47B932435749F0016AF27 /* BooksUITests.swift */,
				04B47B952435749F0016AF27 /* Info.plist */,
			);
			path = BooksUITests;
			sourceTree = "<group>";
		};
		04B47BA1243575F90016AF27 /* Controller */ = {
			isa = PBXGroup;
			children = (
				0476D0EC2447E628004200DF /* ContainerViewController.swift */,
				04FB9FBC243875E90049FD93 /* ViewController.swift */,
				043087C1245655F9006C88BC /* ItemViewController.swift */,
				04A38E96243FF6A200AEBCBD /* CustomTableViewCell.swift */,
			);
			path = Controller;
			sourceTree = "<group>";
		};
		04B47BA2243575FF0016AF27 /* View */ = {
			isa = PBXGroup;
			children = (
				04B47B772435749E0016AF27 /* Main.storyboard */,
			);
			path = View;
			sourceTree = "<group>";
		};
		04B47BA924357A5C0016AF27 /* Model */ = {
			isa = PBXGroup;
			children = (
				04B47BA724357A560016AF27 /* Book.swift */,
			);
			path = Model;
			sourceTree = "<group>";
		};
		BEEA6F80CF30A22D3A8060CA /* Pods */ = {
			isa = PBXGroup;
			children = (
				F2B38E2E77C278FC4018A88A /* Pods-Books.debug.xcconfig */,
				1D5EAE31E7F2842CBDF02DA8 /* Pods-Books.release.xcconfig */,
			);
			path = Pods;
			sourceTree = "<group>";
		};
		CD18609800DB0DAD54306DAF /* Frameworks */ = {
			isa = PBXGroup;
			children = (
				93D41FD8AA45E41991D6FF71 /* Pods_Books.framework */,
			);
			name = Frameworks;
			sourceTree = "<group>";
		};
/* End PBXGroup section */

/* Begin PBXNativeTarget section */
		04B47B6D2435749E0016AF27 /* Books */ = {
			isa = PBXNativeTarget;
			buildConfigurationList = 04B47B982435749F0016AF27 /* Build configuration list for PBXNativeTarget "Books" */;
			buildPhases = (
				CDB90D4F330632431B56592D /* [CP] Check Pods Manifest.lock */,
				04B47B6A2435749E0016AF27 /* Sources */,
				04B47B6B2435749E0016AF27 /* Frameworks */,
				04B47B6C2435749E0016AF27 /* Resources */,
				076A56D007D18EA22CB5649B /* [CP] Embed Pods Frameworks */,
			);
			buildRules = (
			);
			dependencies = (
			);
			name = Books;
			productName = Books;
			productReference = 04B47B6E2435749E0016AF27 /* Books.app */;
			productType = "com.apple.product-type.application";
		};
		04B47B832435749F0016AF27 /* BooksTests */ = {
			isa = PBXNativeTarget;
			buildConfigurationList = 04B47B9B2435749F0016AF27 /* Build configuration list for PBXNativeTarget "BooksTests" */;
			buildPhases = (
				04B47B802435749F0016AF27 /* Sources */,
				04B47B812435749F0016AF27 /* Frameworks */,
				04B47B822435749F0016AF27 /* Resources */,
			);
			buildRules = (
			);
			dependencies = (
				04B47B862435749F0016AF27 /* PBXTargetDependency */,
			);
			name = BooksTests;
			productName = BooksTests;
			productReference = 04B47B842435749F0016AF27 /* BooksTests.xctest */;
			productType = "com.apple.product-type.bundle.unit-test";
		};
		04B47B8E2435749F0016AF27 /* BooksUITests */ = {
			isa = PBXNativeTarget;
			buildConfigurationList = 04B47B9E2435749F0016AF27 /* Build configuration list for PBXNativeTarget "BooksUITests" */;
			buildPhases = (
				04B47B8B2435749F0016AF27 /* Sources */,
				04B47B8C2435749F0016AF27 /* Frameworks */,
				04B47B8D2435749F0016AF27 /* Resources */,
			);
			buildRules = (
			);
			dependencies = (
				04B47B912435749F0016AF27 /* PBXTargetDependency */,
			);
			name = BooksUITests;
			productName = BooksUITests;
			productReference = 04B47B8F2435749F0016AF27 /* BooksUITests.xctest */;
			productType = "com.apple.product-type.bundle.ui-testing";
		};
/* End PBXNativeTarget section */

/* Begin PBXProject section */
		04B47B662435749E0016AF27 /* Project object */ = {
			isa = PBXProject;
			attributes = {
				LastSwiftUpdateCheck = 1140;
				LastUpgradeCheck = 1140;
				ORGANIZATIONNAME = "村尾慶伸";
				TargetAttributes = {
					04B47B6D2435749E0016AF27 = {
						CreatedOnToolsVersion = 11.4;
					};
					04B47B832435749F0016AF27 = {
						CreatedOnToolsVersion = 11.4;
						TestTargetID = 04B47B6D2435749E0016AF27;
					};
					04B47B8E2435749F0016AF27 = {
						CreatedOnToolsVersion = 11.4;
						TestTargetID = 04B47B6D2435749E0016AF27;
					};
				};
			};
			buildConfigurationList = 04B47B692435749E0016AF27 /* Build configuration list for PBXProject "Books" */;
			compatibilityVersion = "Xcode 9.3";
			developmentRegion = en;
			hasScannedForEncodings = 0;
			knownRegions = (
				en,
				Base,
			);
			mainGroup = 04B47B652435749E0016AF27;
			productRefGroup = 04B47B6F2435749E0016AF27 /* Products */;
			projectDirPath = "";
			projectRoot = "";
			targets = (
				04B47B6D2435749E0016AF27 /* Books */,
				04B47B832435749F0016AF27 /* BooksTests */,
				04B47B8E2435749F0016AF27 /* BooksUITests */,
			);
		};
/* End PBXProject section */

/* Begin PBXResourcesBuildPhase section */
		04B47B6C2435749E0016AF27 /* Resources */ = {
			isa = PBXResourcesBuildPhase;
			buildActionMask = 2147483647;
			files = (
				04B47B7E2435749F0016AF27 /* LaunchScreen.storyboard in Resources */,
				04B47B7B2435749F0016AF27 /* Assets.xcassets in Resources */,
				04B47B792435749E0016AF27 /* Main.storyboard in Resources */,
			);
			runOnlyForDeploymentPostprocessing = 0;
		};
		04B47B822435749F0016AF27 /* Resources */ = {
			isa = PBXResourcesBuildPhase;
			buildActionMask = 2147483647;
			files = (
			);
			runOnlyForDeploymentPostprocessing = 0;
		};
		04B47B8D2435749F0016AF27 /* Resources */ = {
			isa = PBXResourcesBuildPhase;
			buildActionMask = 2147483647;
			files = (
			);
			runOnlyForDeploymentPostprocessing = 0;
		};
/* End PBXResourcesBuildPhase section */

/* Begin PBXShellScriptBuildPhase section */
		076A56D007D18EA22CB5649B /* [CP] Embed Pods Frameworks */ = {
			isa = PBXShellScriptBuildPhase;
			buildActionMask = 2147483647;
			files = (
			);
			inputFileListPaths = (
				"${PODS_ROOT}/Target Support Files/Pods-Books/Pods-Books-frameworks-${CONFIGURATION}-input-files.xcfilelist",
			);
			name = "[CP] Embed Pods Frameworks";
			outputFileListPaths = (
				"${PODS_ROOT}/Target Support Files/Pods-Books/Pods-Books-frameworks-${CONFIGURATION}-output-files.xcfilelist",
			);
			runOnlyForDeploymentPostprocessing = 0;
			shellPath = /bin/sh;
			shellScript = "\"${PODS_ROOT}/Target Support Files/Pods-Books/Pods-Books-frameworks.sh\"\n";
			showEnvVarsInLog = 0;
		};
		CDB90D4F330632431B56592D /* [CP] Check Pods Manifest.lock */ = {
			isa = PBXShellScriptBuildPhase;
			buildActionMask = 2147483647;
			files = (
			);
			inputFileListPaths = (
			);
			inputPaths = (
				"${PODS_PODFILE_DIR_PATH}/Podfile.lock",
				"${PODS_ROOT}/Manifest.lock",
			);
			name = "[CP] Check Pods Manifest.lock";
			outputFileListPaths = (
			);
			outputPaths = (
				"$(DERIVED_FILE_DIR)/Pods-Books-checkManifestLockResult.txt",
			);
			runOnlyForDeploymentPostprocessing = 0;
			shellPath = /bin/sh;
			shellScript = "diff \"${PODS_PODFILE_DIR_PATH}/Podfile.lock\" \"${PODS_ROOT}/Manifest.lock\" > /dev/null\nif [ $? != 0 ] ; then\n    # print error to STDERR\n    echo \"error: The sandbox is not in sync with the Podfile.lock. Run 'pod install' or update your CocoaPods installation.\" >&2\n    exit 1\nfi\n# This output is used by Xcode 'outputs' to avoid re-running this script phase.\necho \"SUCCESS\" > \"${SCRIPT_OUTPUT_FILE_0}\"\n";
			showEnvVarsInLog = 0;
		};
/* End PBXShellScriptBuildPhase section */

/* Begin PBXSourcesBuildPhase section */
		04B47B6A2435749E0016AF27 /* Sources */ = {
			isa = PBXSourcesBuildPhase;
			buildActionMask = 2147483647;
			files = (
				043087C2245655F9006C88BC /* ItemViewController.swift in Sources */,
				04A38E97243FF6A200AEBCBD /* CustomTableViewCell.swift in Sources */,
				04FB9FBD243875E90049FD93 /* ViewController.swift in Sources */,
				0476D0ED2447E628004200DF /* ContainerViewController.swift in Sources */,
				04B47BA824357A560016AF27 /* Book.swift in Sources */,
				04B47B722435749E0016AF27 /* AppDelegate.swift in Sources */,
				04B47B742435749E0016AF27 /* SceneDelegate.swift in Sources */,
			);
			runOnlyForDeploymentPostprocessing = 0;
		};
		04B47B802435749F0016AF27 /* Sources */ = {
			isa = PBXSourcesBuildPhase;
			buildActionMask = 2147483647;
			files = (
				04B47B892435749F0016AF27 /* BooksTests.swift in Sources */,
			);
			runOnlyForDeploymentPostprocessing = 0;
		};
		04B47B8B2435749F0016AF27 /* Sources */ = {
			isa = PBXSourcesBuildPhase;
			buildActionMask = 2147483647;
			files = (
				04B47B942435749F0016AF27 /* BooksUITests.swift in Sources */,
			);
			runOnlyForDeploymentPostprocessing = 0;
		};
/* End PBXSourcesBuildPhase section */

/* Begin PBXTargetDependency section */
		04B47B862435749F0016AF27 /* PBXTargetDependency */ = {
			isa = PBXTargetDependency;
			target = 04B47B6D2435749E0016AF27 /* Books */;
			targetProxy = 04B47B852435749F0016AF27 /* PBXContainerItemProxy */;
		};
		04B47B912435749F0016AF27 /* PBXTargetDependency */ = {
			isa = PBXTargetDependency;
			target = 04B47B6D2435749E0016AF27 /* Books */;
			targetProxy = 04B47B902435749F0016AF27 /* PBXContainerItemProxy */;
		};
/* End PBXTargetDependency section */

/* Begin PBXVariantGroup section */
		04B47B772435749E0016AF27 /* Main.storyboard */ = {
			isa = PBXVariantGroup;
			children = (
				04B47B782435749E0016AF27 /* Base */,
			);
			name = Main.storyboard;
			sourceTree = "<group>";
		};
		04B47B7C2435749F0016AF27 /* LaunchScreen.storyboard */ = {
			isa = PBXVariantGroup;
			children = (
				04B47B7D2435749F0016AF27 /* Base */,
			);
			name = LaunchScreen.storyboard;
			sourceTree = "<group>";
		};
/* End PBXVariantGroup section */

/* Begin XCBuildConfiguration section */
		04B47B962435749F0016AF27 /* Debug */ = {
			isa = XCBuildConfiguration;
			buildSettings = {
				ALWAYS_SEARCH_USER_PATHS = NO;
				CLANG_ANALYZER_NONNULL = YES;
				CLANG_ANALYZER_NUMBER_OBJECT_CONVERSION = YES_AGGRESSIVE;
				CLANG_CXX_LANGUAGE_STANDARD = "gnu++14";
				CLANG_CXX_LIBRARY = "libc++";
				CLANG_ENABLE_MODULES = YES;
				CLANG_ENABLE_OBJC_ARC = YES;
				CLANG_ENABLE_OBJC_WEAK = YES;
				CLANG_WARN_BLOCK_CAPTURE_AUTORELEASING = YES;
				CLANG_WARN_BOOL_CONVERSION = YES;
				CLANG_WARN_COMMA = YES;
				CLANG_WARN_CONSTANT_CONVERSION = YES;
				CLANG_WARN_DEPRECATED_OBJC_IMPLEMENTATIONS = YES;
				CLANG_WARN_DIRECT_OBJC_ISA_USAGE = YES_ERROR;
				CLANG_WARN_DOCUMENTATION_COMMENTS = YES;
				CLANG_WARN_EMPTY_BODY = YES;
				CLANG_WARN_ENUM_CONVERSION = YES;
				CLANG_WARN_INFINITE_RECURSION = YES;
				CLANG_WARN_INT_CONVERSION = YES;
				CLANG_WARN_NON_LITERAL_NULL_CONVERSION = YES;
				CLANG_WARN_OBJC_IMPLICIT_RETAIN_SELF = YES;
				CLANG_WARN_OBJC_LITERAL_CONVERSION = YES;
				CLANG_WARN_OBJC_ROOT_CLASS = YES_ERROR;
				CLANG_WARN_RANGE_LOOP_ANALYSIS = YES;
				CLANG_WARN_STRICT_PROTOTYPES = YES;
				CLANG_WARN_SUSPICIOUS_MOVE = YES;
				CLANG_WARN_UNGUARDED_AVAILABILITY = YES_AGGRESSIVE;
				CLANG_WARN_UNREACHABLE_CODE = YES;
				CLANG_WARN__DUPLICATE_METHOD_MATCH = YES;
				COPY_PHASE_STRIP = NO;
				DEBUG_INFORMATION_FORMAT = dwarf;
				ENABLE_STRICT_OBJC_MSGSEND = YES;
				ENABLE_TESTABILITY = YES;
				GCC_C_LANGUAGE_STANDARD = gnu11;
				GCC_DYNAMIC_NO_PIC = NO;
				GCC_NO_COMMON_BLOCKS = YES;
				GCC_OPTIMIZATION_LEVEL = 0;
				GCC_PREPROCESSOR_DEFINITIONS = (
					"DEBUG=1",
					"$(inherited)",
				);
				GCC_WARN_64_TO_32_BIT_CONVERSION = YES;
				GCC_WARN_ABOUT_RETURN_TYPE = YES_ERROR;
				GCC_WARN_UNDECLARED_SELECTOR = YES;
				GCC_WARN_UNINITIALIZED_AUTOS = YES_AGGRESSIVE;
				GCC_WARN_UNUSED_FUNCTION = YES;
				GCC_WARN_UNUSED_VARIABLE = YES;
				IPHONEOS_DEPLOYMENT_TARGET = 13.4;
				MTL_ENABLE_DEBUG_INFO = INCLUDE_SOURCE;
				MTL_FAST_MATH = YES;
				ONLY_ACTIVE_ARCH = YES;
				SDKROOT = iphoneos;
				SWIFT_ACTIVE_COMPILATION_CONDITIONS = DEBUG;
				SWIFT_OPTIMIZATION_LEVEL = "-Onone";
			};
			name = Debug;
		};
		04B47B972435749F0016AF27 /* Release */ = {
			isa = XCBuildConfiguration;
			buildSettings = {
				ALWAYS_SEARCH_USER_PATHS = NO;
				CLANG_ANALYZER_NONNULL = YES;
				CLANG_ANALYZER_NUMBER_OBJECT_CONVERSION = YES_AGGRESSIVE;
				CLANG_CXX_LANGUAGE_STANDARD = "gnu++14";
				CLANG_CXX_LIBRARY = "libc++";
				CLANG_ENABLE_MODULES = YES;
				CLANG_ENABLE_OBJC_ARC = YES;
				CLANG_ENABLE_OBJC_WEAK = YES;
				CLANG_WARN_BLOCK_CAPTURE_AUTORELEASING = YES;
				CLANG_WARN_BOOL_CONVERSION = YES;
				CLANG_WARN_COMMA = YES;
				CLANG_WARN_CONSTANT_CONVERSION = YES;
				CLANG_WARN_DEPRECATED_OBJC_IMPLEMENTATIONS = YES;
				CLANG_WARN_DIRECT_OBJC_ISA_USAGE = YES_ERROR;
				CLANG_WARN_DOCUMENTATION_COMMENTS = YES;
				CLANG_WARN_EMPTY_BODY = YES;
				CLANG_WARN_ENUM_CONVERSION = YES;
				CLANG_WARN_INFINITE_RECURSION = YES;
				CLANG_WARN_INT_CONVERSION = YES;
				CLANG_WARN_NON_LITERAL_NULL_CONVERSION = YES;
				CLANG_WARN_OBJC_IMPLICIT_RETAIN_SELF = YES;
				CLANG_WARN_OBJC_LITERAL_CONVERSION = YES;
				CLANG_WARN_OBJC_ROOT_CLASS = YES_ERROR;
				CLANG_WARN_RANGE_LOOP_ANALYSIS = YES;
				CLANG_WARN_STRICT_PROTOTYPES = YES;
				CLANG_WARN_SUSPICIOUS_MOVE = YES;
				CLANG_WARN_UNGUARDED_AVAILABILITY = YES_AGGRESSIVE;
				CLANG_WARN_UNREACHABLE_CODE = YES;
				CLANG_WARN__DUPLICATE_METHOD_MATCH = YES;
				COPY_PHASE_STRIP = NO;
				DEBUG_INFORMATION_FORMAT = "dwarf-with-dsym";
				ENABLE_NS_ASSERTIONS = NO;
				ENABLE_STRICT_OBJC_MSGSEND = YES;
				GCC_C_LANGUAGE_STANDARD = gnu11;
				GCC_NO_COMMON_BLOCKS = YES;
				GCC_WARN_64_TO_32_BIT_CONVERSION = YES;
				GCC_WARN_ABOUT_RETURN_TYPE = YES_ERROR;
				GCC_WARN_UNDECLARED_SELECTOR = YES;
				GCC_WARN_UNINITIALIZED_AUTOS = YES_AGGRESSIVE;
				GCC_WARN_UNUSED_FUNCTION = YES;
				GCC_WARN_UNUSED_VARIABLE = YES;
				IPHONEOS_DEPLOYMENT_TARGET = 13.4;
				MTL_ENABLE_DEBUG_INFO = NO;
				MTL_FAST_MATH = YES;
				SDKROOT = iphoneos;
				SWIFT_COMPILATION_MODE = wholemodule;
				SWIFT_OPTIMIZATION_LEVEL = "-O";
				VALIDATE_PRODUCT = YES;
			};
			name = Release;
		};
		04B47B992435749F0016AF27 /* Debug */ = {
			isa = XCBuildConfiguration;
			baseConfigurationReference = F2B38E2E77C278FC4018A88A /* Pods-Books.debug.xcconfig */;
			buildSettings = {
				ASSETCATALOG_COMPILER_APPICON_NAME = AppIcon;
				CODE_SIGN_STYLE = Automatic;
				DEVELOPMENT_TEAM = 479D88RPDD;
				INFOPLIST_FILE = Books/Info.plist;
				LD_RUNPATH_SEARCH_PATHS = (
					"$(inherited)",
					"@executable_path/Frameworks",
				);
				PRODUCT_BUNDLE_IDENTIFIER = com.yoshinobu.Books;
				PRODUCT_NAME = Books;
				SWIFT_VERSION = 5.0;
				TARGETED_DEVICE_FAMILY = "1,2";
			};
			name = Debug;
		};
		04B47B9A2435749F0016AF27 /* Release */ = {
			isa = XCBuildConfiguration;
			baseConfigurationReference = 1D5EAE31E7F2842CBDF02DA8 /* Pods-Books.release.xcconfig */;
			buildSettings = {
				ASSETCATALOG_COMPILER_APPICON_NAME = AppIcon;
				CODE_SIGN_STYLE = Automatic;
				DEVELOPMENT_TEAM = 479D88RPDD;
				INFOPLIST_FILE = Books/Info.plist;
				LD_RUNPATH_SEARCH_PATHS = (
					"$(inherited)",
					"@executable_path/Frameworks",
				);
				PRODUCT_BUNDLE_IDENTIFIER = com.yoshinobu.Books;
				PRODUCT_NAME = Books;
				SWIFT_VERSION = 5.0;
				TARGETED_DEVICE_FAMILY = "1,2";
			};
			name = Release;
		};
		04B47B9C2435749F0016AF27 /* Debug */ = {
			isa = XCBuildConfiguration;
			buildSettings = {
				ALWAYS_EMBED_SWIFT_STANDARD_LIBRARIES = YES;
				BUNDLE_LOADER = "$(TEST_HOST)";
				CODE_SIGN_STYLE = Automatic;
				DEVELOPMENT_TEAM = 479D88RPDD;
				INFOPLIST_FILE = BooksTests/Info.plist;
				IPHONEOS_DEPLOYMENT_TARGET = 13.4;
				LD_RUNPATH_SEARCH_PATHS = (
					"$(inherited)",
					"@executable_path/Frameworks",
					"@loader_path/Frameworks",
				);
				PRODUCT_BUNDLE_IDENTIFIER = com.yoshinobu.BooksTests;
				PRODUCT_NAME = "$(TARGET_NAME)";
				SWIFT_VERSION = 5.0;
				TARGETED_DEVICE_FAMILY = "1,2";
				TEST_HOST = "$(BUILT_PRODUCTS_DIR)/Books.app/Books";
			};
			name = Debug;
		};
		04B47B9D2435749F0016AF27 /* Release */ = {
			isa = XCBuildConfiguration;
			buildSettings = {
				ALWAYS_EMBED_SWIFT_STANDARD_LIBRARIES = YES;
				BUNDLE_LOADER = "$(TEST_HOST)";
				CODE_SIGN_STYLE = Automatic;
				DEVELOPMENT_TEAM = 479D88RPDD;
				INFOPLIST_FILE = BooksTests/Info.plist;
				IPHONEOS_DEPLOYMENT_TARGET = 13.4;
				LD_RUNPATH_SEARCH_PATHS = (
					"$(inherited)",
					"@executable_path/Frameworks",
					"@loader_path/Frameworks",
				);
				PRODUCT_BUNDLE_IDENTIFIER = com.yoshinobu.BooksTests;
				PRODUCT_NAME = "$(TARGET_NAME)";
				SWIFT_VERSION = 5.0;
				TARGETED_DEVICE_FAMILY = "1,2";
				TEST_HOST = "$(BUILT_PRODUCTS_DIR)/Books.app/Books";
			};
			name = Release;
		};
		04B47B9F2435749F0016AF27 /* Debug */ = {
			isa = XCBuildConfiguration;
			buildSettings = {
				ALWAYS_EMBED_SWIFT_STANDARD_LIBRARIES = YES;
				CODE_SIGN_STYLE = Automatic;
				DEVELOPMENT_TEAM = 479D88RPDD;
				INFOPLIST_FILE = BooksUITests/Info.plist;
				LD_RUNPATH_SEARCH_PATHS = (
					"$(inherited)",
					"@executable_path/Frameworks",
					"@loader_path/Frameworks",
				);
				PRODUCT_BUNDLE_IDENTIFIER = com.yoshinobu.BooksUITests;
				PRODUCT_NAME = "$(TARGET_NAME)";
				SWIFT_VERSION = 5.0;
				TARGETED_DEVICE_FAMILY = "1,2";
				TEST_TARGET_NAME = Books;
			};
			name = Debug;
		};
		04B47BA02435749F0016AF27 /* Release */ = {
			isa = XCBuildConfiguration;
			buildSettings = {
				ALWAYS_EMBED_SWIFT_STANDARD_LIBRARIES = YES;
				CODE_SIGN_STYLE = Automatic;
				DEVELOPMENT_TEAM = 479D88RPDD;
				INFOPLIST_FILE = BooksUITests/Info.plist;
				LD_RUNPATH_SEARCH_PATHS = (
					"$(inherited)",
					"@executable_path/Frameworks",
					"@loader_path/Frameworks",
				);
				PRODUCT_BUNDLE_IDENTIFIER = com.yoshinobu.BooksUITests;
				PRODUCT_NAME = "$(TARGET_NAME)";
				SWIFT_VERSION = 5.0;
				TARGETED_DEVICE_FAMILY = "1,2";
				TEST_TARGET_NAME = Books;
			};
			name = Release;
		};
/* End XCBuildConfiguration section */

/* Begin XCConfigurationList section */
		04B47B692435749E0016AF27 /* Build configuration list for PBXProject "Books" */ = {
			isa = XCConfigurationList;
			buildConfigurations = (
				04B47B962435749F0016AF27 /* Debug */,
				04B47B972435749F0016AF27 /* Release */,
			);
			defaultConfigurationIsVisible = 0;
			defaultConfigurationName = Release;
		};
		04B47B982435749F0016AF27 /* Build configuration list for PBXNativeTarget "Books" */ = {
			isa = XCConfigurationList;
			buildConfigurations = (
				04B47B992435749F0016AF27 /* Debug */,
				04B47B9A2435749F0016AF27 /* Release */,
			);
			defaultConfigurationIsVisible = 0;
			defaultConfigurationName = Release;
		};
		04B47B9B2435749F0016AF27 /* Build configuration list for PBXNativeTarget "BooksTests" */ = {
			isa = XCConfigurationList;
			buildConfigurations = (
				04B47B9C2435749F0016AF27 /* Debug */,
				04B47B9D2435749F0016AF27 /* Release */,
			);
			defaultConfigurationIsVisible = 0;
			defaultConfigurationName = Release;
		};
		04B47B9E2435749F0016AF27 /* Build configuration list for PBXNativeTarget "BooksUITests" */ = {
			isa = XCConfigurationList;
			buildConfigurations = (
				04B47B9F2435749F0016AF27 /* Debug */,
				04B47BA02435749F0016AF27 /* Release */,
			);
			defaultConfigurationIsVisible = 0;
			defaultConfigurationName = Release;
		};
/* End XCConfigurationList section */
	};
	rootObject = 04B47B662435749E0016AF27 /* Project object */;
}
